
Microsoft Visual Studio Solution File, Format Version 12.00
# Visual Studio Version 17
VisualStudioVersion = 17.10.35013.160
MinimumVisualStudioVersion = 10.0.40219.1
Project("{9A19103F-16F7-4668-BE54-9A1E7A4F7556}") = "01_WebApi", "01_WebApi\01_WebApi.csproj", "{84E8B93E-AF72-406E-8F74-FE9B28380645}"
EndProject
Project("{9A19103F-16F7-4668-BE54-9A1E7A4F7556}") = "02_Application", "Application\02_Application.csproj", "{293D8377-1343-4071-9746-E06C7FF821F0}"
EndProject
Project("{9A19103F-16F7-4668-BE54-9A1E7A4F7556}") = "03_Core", "03_Core\03_Core.csproj", "{42830A63-6EAA-44C2-9039-590EAC35C8D9}"
EndProject
Project("{9A19103F-16F7-4668-BE54-9A1E7A4F7556}") = "04_Infraestructure", "04_Infraestructure\04_Infraestructure.csproj", "{5CF91136-5C2D-460A-A213-6EEDD2307FA5}"
EndProject
Project("{FAE04EC0-301F-11D3-BF4B-00C04F79EFBC}") = "05_UnitTest", "05_UnitTest\05_UnitTest.csproj", "{2C331359-F3CD-4A92-BD82-AC27112C91B8}"
EndProject
Global
	GlobalSection(SolutionConfigurationPlatforms) = preSolution
		Debug|Any CPU = Debug|Any CPU
		Release|Any CPU = Release|Any CPU
	EndGlobalSection
	GlobalSection(ProjectConfigurationPlatforms) = postSolution
		{84E8B93E-AF72-406E-8F74-FE9B28380645}.Debug|Any CPU.ActiveCfg = Debug|Any CPU
		{84E8B93E-AF72-406E-8F74-FE9B28380645}.Debug|Any CPU.Build.0 = Debug|Any CPU
		{84E8B93E-AF72-406E-8F74-FE9B28380645}.Release|Any CPU.ActiveCfg = Release|Any CPU
		{84E8B93E-AF72-406E-8F74-FE9B28380645}.Release|Any CPU.Build.0 = Release|Any CPU
		{293D8377-1343-4071-9746-E06C7FF821F0}.Debug|Any CPU.ActiveCfg = Debug|Any CPU
		{293D8377-1343-4071-9746-E06C7FF821F0}.Debug|Any CPU.Build.0 = Debug|Any CPU
		{293D8377-1343-4071-9746-E06C7FF821F0}.Release|Any CPU.ActiveCfg = Release|Any CPU
		{293D8377-1343-4071-9746-E06C7FF821F0}.Release|Any CPU.Build.0 = Release|Any CPU
		{42830A63-6EAA-44C2-9039-590EAC35C8D9}.Debug|Any CPU.ActiveCfg = Debug|Any CPU
		{42830A63-6EAA-44C2-9039-590EAC35C8D9}.Debug|Any CPU.Build.0 = Debug|Any CPU
		{42830A63-6EAA-44C2-9039-590EAC35C8D9}.Release|Any CPU.ActiveCfg = Release|Any CPU
		{42830A63-6EAA-44C2-9039-590EAC35C8D9}.Release|Any CPU.Build.0 = Release|Any CPU
		{5CF91136-5C2D-460A-A213-6EEDD2307FA5}.Debug|Any CPU.ActiveCfg = Debug|Any CPU
		{5CF91136-5C2D-460A-A213-6EEDD2307FA5}.Debug|Any CPU.Build.0 = Debug|Any CPU
		{5CF91136-5C2D-460A-A213-6EEDD2307FA5}.Release|Any CPU.ActiveCfg = Release|Any CPU
		{5CF91136-5C2D-460A-A213-6EEDD2307FA5}.Release|Any CPU.Build.0 = Release|Any CPU
		{2C331359-F3CD-4A92-BD82-AC27112C91B8}.Debug|Any CPU.ActiveCfg = Debug|Any CPU
		{2C331359-F3CD-4A92-BD82-AC27112C91B8}.Debug|Any CPU.Build.0 = Debug|Any CPU
		{2C331359-F3CD-4A92-BD82-AC27112C91B8}.Release|Any CPU.ActiveCfg = Release|Any CPU
		{2C331359-F3CD-4A92-BD82-AC27112C91B8}.Release|Any CPU.Build.0 = Release|Any CPU
	EndGlobalSection
	GlobalSection(SolutionProperties) = preSolution
		HideSolutionNode = FALSE
	EndGlobalSection
	GlobalSection(ExtensibilityGlobals) = postSolution
		SolutionGuid = {8570321A-1CC1-4057-893C-B598DF0C9DBE}
	EndGlobalSection
EndGlobal
